
Microsoft Visual Studio Solution File, Format Version 12.00
# Visual Studio 15
VisualStudioVersion = 15.0.28010.2050
MinimumVisualStudioVersion = 10.0.40219.1
Project("{FAE04EC0-301F-11D3-BF4B-00C04F79EFBC}") = "WindowsFormsApp1", "WindowsFormsApp1\WindowsFormsApp1.csproj", "{190882D9-B956-4266-B37C-70A4F41AE104}"
EndProject
Global
	GlobalSection(SolutionConfigurationPlatforms) = preSolution
		Debug|Any CPU = Debug|Any CPU
		Release|Any CPU = Release|Any CPU
	EndGlobalSection
	GlobalSection(ProjectConfigurationPlatforms) = postSolution
		{190882D9-B956-4266-B37C-70A4F41AE104}.Debug|Any CPU.ActiveCfg = Debug|Any CPU
		{190882D9-B956-4266-B37C-70A4F41AE104}.Debug|Any CPU.Build.0 = Debug|Any CPU
		{190882D9-B956-4266-B37C-70A4F41AE104}.Release|Any CPU.ActiveCfg = Release|Any CPU
		{190882D9-B956-4266-B37C-70A4F41AE104}.Release|Any CPU.Build.0 = Release|Any CPU
	EndGlobalSection
	GlobalSection(SolutionProperties) = preSolution
		HideSolutionNode = FALSE
	EndGlobalSection
	GlobalSection(ExtensibilityGlobals) = postSolution
		SolutionGuid = {BB47C4D9-629B-4CD1-B954-5C3A65659DE7}
	EndGlobalSection
EndGlobal
